// !$*UTF8*$!
{
	archiveVersion = 1;
	classes = {
	};
	objectVersion = 55;
	objects = {

/* Begin PBXBuildFile section */
		6641A1522AA7B185007A4376 /* Gym4FitApp.swift in Sources */ = {isa = PBXBuildFile; fileRef = 6641A1512AA7B185007A4376 /* Gym4FitApp.swift */; };
		6641A1542AA7B185007A4376 /* ContentView.swift in Sources */ = {isa = PBXBuildFile; fileRef = 6641A1532AA7B185007A4376 /* ContentView.swift */; };
		6641A1562AA7B188007A4376 /* Assets.xcassets in Resources */ = {isa = PBXBuildFile; fileRef = 6641A1552AA7B188007A4376 /* Assets.xcassets */; };
		6641A1592AA7B188007A4376 /* Preview Assets.xcassets in Resources */ = {isa = PBXBuildFile; fileRef = 6641A1582AA7B188007A4376 /* Preview Assets.xcassets */; };
		6641A1602AA7B446007A4376 /* CircularCountdownView.swift in Sources */ = {isa = PBXBuildFile; fileRef = 6641A15F2AA7B446007A4376 /* CircularCountdownView.swift */; };
		6641A1672AA7BD12007A4376 /* FeedView.swift in Sources */ = {isa = PBXBuildFile; fileRef = 6641A1662AA7BD12007A4376 /* FeedView.swift */; };
		6641A1692AA7BD43007A4376 /* BMITopCard.swift in Sources */ = {isa = PBXBuildFile; fileRef = 6641A1682AA7BD43007A4376 /* BMITopCard.swift */; };
		6641A16B2AA7BD95007A4376 /* FeedViewModel.swift in Sources */ = {isa = PBXBuildFile; fileRef = 6641A16A2AA7BD95007A4376 /* FeedViewModel.swift */; };
		6641A1702AA7C6CC007A4376 /* SettingsViewModel.swift in Sources */ = {isa = PBXBuildFile; fileRef = 6641A16F2AA7C6CC007A4376 /* SettingsViewModel.swift */; };
		A8074AC52AA7CB0400639D50 /* SettingButton.swift in Sources */ = {isa = PBXBuildFile; fileRef = A8074AC42AA7CB0400639D50 /* SettingButton.swift */; };
		A8074AC92AA7CE8B00639D50 /* SettingsView.swift in Sources */ = {isa = PBXBuildFile; fileRef = A8074AC82AA7CE8B00639D50 /* SettingsView.swift */; };
/* End PBXBuildFile section */

/* Begin PBXFileReference section */
		6641A14E2AA7B185007A4376 /* Gym4Fit.app */ = {isa = PBXFileReference; explicitFileType = wrapper.application; includeInIndex = 0; path = Gym4Fit.app; sourceTree = BUILT_PRODUCTS_DIR; };
		6641A1512AA7B185007A4376 /* Gym4FitApp.swift */ = {isa = PBXFileReference; lastKnownFileType = sourcecode.swift; path = Gym4FitApp.swift; sourceTree = "<group>"; };
		6641A1532AA7B185007A4376 /* ContentView.swift */ = {isa = PBXFileReference; lastKnownFileType = sourcecode.swift; path = ContentView.swift; sourceTree = "<group>"; };
		6641A1552AA7B188007A4376 /* Assets.xcassets */ = {isa = PBXFileReference; lastKnownFileType = folder.assetcatalog; path = Assets.xcassets; sourceTree = "<group>"; };
		6641A1582AA7B188007A4376 /* Preview Assets.xcassets */ = {isa = PBXFileReference; lastKnownFileType = folder.assetcatalog; path = "Preview Assets.xcassets"; sourceTree = "<group>"; };
		6641A15F2AA7B446007A4376 /* CircularCountdownView.swift */ = {isa = PBXFileReference; lastKnownFileType = sourcecode.swift; path = CircularCountdownView.swift; sourceTree = "<group>"; };
		6641A1662AA7BD12007A4376 /* FeedView.swift */ = {isa = PBXFileReference; lastKnownFileType = sourcecode.swift; path = FeedView.swift; sourceTree = "<group>"; };
		6641A1682AA7BD43007A4376 /* BMITopCard.swift */ = {isa = PBXFileReference; lastKnownFileType = sourcecode.swift; path = BMITopCard.swift; sourceTree = "<group>"; };
		6641A16A2AA7BD95007A4376 /* FeedViewModel.swift */ = {isa = PBXFileReference; lastKnownFileType = sourcecode.swift; path = FeedViewModel.swift; sourceTree = "<group>"; };
		6641A16F2AA7C6CC007A4376 /* SettingsViewModel.swift */ = {isa = PBXFileReference; lastKnownFileType = sourcecode.swift; path = SettingsViewModel.swift; sourceTree = "<group>"; };
		A8074AC42AA7CB0400639D50 /* SettingButton.swift */ = {isa = PBXFileReference; lastKnownFileType = sourcecode.swift; path = SettingButton.swift; sourceTree = "<group>"; };
		A8074AC82AA7CE8B00639D50 /* SettingsView.swift */ = {isa = PBXFileReference; lastKnownFileType = sourcecode.swift; path = SettingsView.swift; sourceTree = "<group>"; };
/* End PBXFileReference section */

/* Begin PBXFrameworksBuildPhase section */
		6641A14B2AA7B185007A4376 /* Frameworks */ = {
			isa = PBXFrameworksBuildPhase;
			buildActionMask = 2147483647;
			files = (
			);
			runOnlyForDeploymentPostprocessing = 0;
		};
/* End PBXFrameworksBuildPhase section */

/* Begin PBXGroup section */
		6641A1452AA7B185007A4376 = {
			isa = PBXGroup;
			children = (
				6641A1502AA7B185007A4376 /* Gym4Fit */,
				6641A14F2AA7B185007A4376 /* Products */,
			);
			sourceTree = "<group>";
		};
		6641A14F2AA7B185007A4376 /* Products */ = {
			isa = PBXGroup;
			children = (
				6641A14E2AA7B185007A4376 /* Gym4Fit.app */,
			);
			name = Products;
			sourceTree = "<group>";
		};
		6641A1502AA7B185007A4376 /* Gym4Fit */ = {
			isa = PBXGroup;
			children = (
				6641A1642AA7B552007A4376 /* Models */,
				6641A1632AA7B54C007A4376 /* Components */,
				6641A1622AA7B548007A4376 /* Views */,
				6641A1612AA7B541007A4376 /* ViewModels */,
				6641A1512AA7B185007A4376 /* Gym4FitApp.swift */,
				6641A1652AA7B559007A4376 /* Others */,
			);
			path = Gym4Fit;
			sourceTree = "<group>";
		};
		6641A1572AA7B188007A4376 /* Preview Content */ = {
			isa = PBXGroup;
			children = (
			);
			path = "Preview Content";
			sourceTree = "<group>";
		};
		6641A1612AA7B541007A4376 /* ViewModels */ = {
			isa = PBXGroup;
			children = (
				6641A16A2AA7BD95007A4376 /* FeedViewModel.swift */,
				6641A16F2AA7C6CC007A4376 /* SettingsViewModel.swift */,
			);
			path = ViewModels;
			sourceTree = "<group>";
		};
		6641A1622AA7B548007A4376 /* Views */ = {
			isa = PBXGroup;
			children = (
				6641A1532AA7B185007A4376 /* ContentView.swift */,
				6641A1662AA7BD12007A4376 /* FeedView.swift */,
				A8074AC82AA7CE8B00639D50 /* SettingsView.swift */,
			);
			path = Views;
			sourceTree = "<group>";
		};
		6641A1632AA7B54C007A4376 /* Components */ = {
			isa = PBXGroup;
			children = (
				6641A15F2AA7B446007A4376 /* CircularCountdownView.swift */,
				6641A1682AA7BD43007A4376 /* BMITopCard.swift */,
				A8074AC42AA7CB0400639D50 /* SettingButton.swift */,
			);
			path = Components;
			sourceTree = "<group>";
		};
		6641A1642AA7B552007A4376 /* Models */ = {
			isa = PBXGroup;
			children = (
			);
			path = Models;
			sourceTree = "<group>";
		};
		6641A1652AA7B559007A4376 /* Others */ = {
			isa = PBXGroup;
			children = (
				6641A1552AA7B188007A4376 /* Assets.xcassets */,
				6641A1572AA7B188007A4376 /* Preview Content */,
				6641A1582AA7B188007A4376 /* Preview Assets.xcassets */,
			);
			path = Others;
			sourceTree = "<group>";
		};
/* End PBXGroup section */

/* Begin PBXNativeTarget section */
		6641A14D2AA7B185007A4376 /* Gym4Fit */ = {
			isa = PBXNativeTarget;
			buildConfigurationList = 6641A15C2AA7B188007A4376 /* Build configuration list for PBXNativeTarget "Gym4Fit" */;
			buildPhases = (
				6641A14A2AA7B185007A4376 /* Sources */,
				6641A14B2AA7B185007A4376 /* Frameworks */,
				6641A14C2AA7B185007A4376 /* Resources */,
			);
			buildRules = (
			);
			dependencies = (
			);
			name = Gym4Fit;
			productName = Gym4Fit;
			productReference = 6641A14E2AA7B185007A4376 /* Gym4Fit.app */;
			productType = "com.apple.product-type.application";
		};
/* End PBXNativeTarget section */

/* Begin PBXProject section */
		6641A1462AA7B185007A4376 /* Project object */ = {
			isa = PBXProject;
			attributes = {
				BuildIndependentTargetsInParallel = 1;
				LastSwiftUpdateCheck = 1430;
				LastUpgradeCheck = 1430;
				TargetAttributes = {
					6641A14D2AA7B185007A4376 = {
						CreatedOnToolsVersion = 14.3;
					};
				};
			};
			buildConfigurationList = 6641A1492AA7B185007A4376 /* Build configuration list for PBXProject "Gym4Fit" */;
			compatibilityVersion = "Xcode 13.0";
			developmentRegion = en;
			hasScannedForEncodings = 0;
			knownRegions = (
				en,
				Base,
			);
			mainGroup = 6641A1452AA7B185007A4376;
			productRefGroup = 6641A14F2AA7B185007A4376 /* Products */;
			projectDirPath = "";
			projectRoot = "";
			targets = (
				6641A14D2AA7B185007A4376 /* Gym4Fit */,
			);
		};
/* End PBXProject section */

/* Begin PBXResourcesBuildPhase section */
		6641A14C2AA7B185007A4376 /* Resources */ = {
			isa = PBXResourcesBuildPhase;
			buildActionMask = 2147483647;
			files = (
				6641A1592AA7B188007A4376 /* Preview Assets.xcassets in Resources */,
				6641A1562AA7B188007A4376 /* Assets.xcassets in Resources */,
			);
			runOnlyForDeploymentPostprocessing = 0;
		};
/* End PBXResourcesBuildPhase section */

/* Begin PBXSourcesBuildPhase section */
		6641A14A2AA7B185007A4376 /* Sources */ = {
			isa = PBXSourcesBuildPhase;
			buildActionMask = 2147483647;
			files = (
				A8074AC52AA7CB0400639D50 /* SettingButton.swift in Sources */,
				6641A1672AA7BD12007A4376 /* FeedView.swift in Sources */,
				6641A1542AA7B185007A4376 /* ContentView.swift in Sources */,
				A8074AC92AA7CE8B00639D50 /* SettingsView.swift in Sources */,
				6641A16B2AA7BD95007A4376 /* FeedViewModel.swift in Sources */,
				6641A1692AA7BD43007A4376 /* BMITopCard.swift in Sources */,
				6641A1602AA7B446007A4376 /* CircularCountdownView.swift in Sources */,
				6641A1522AA7B185007A4376 /* Gym4FitApp.swift in Sources */,
				6641A1702AA7C6CC007A4376 /* SettingsViewModel.swift in Sources */,
			);
			runOnlyForDeploymentPostprocessing = 0;
		};
/* End PBXSourcesBuildPhase section */

/* Begin XCBuildConfiguration section */
		6641A15A2AA7B188007A4376 /* Debug */ = {
			isa = XCBuildConfiguration;
			buildSettings = {
				ALWAYS_SEARCH_USER_PATHS = NO;
				CLANG_ANALYZER_NONNULL = YES;
				CLANG_ANALYZER_NUMBER_OBJECT_CONVERSION = YES_AGGRESSIVE;
				CLANG_CXX_LANGUAGE_STANDARD = "gnu++20";
				CLANG_ENABLE_MODULES = YES;
				CLANG_ENABLE_OBJC_ARC = YES;
				CLANG_ENABLE_OBJC_WEAK = YES;
				CLANG_WARN_BLOCK_CAPTURE_AUTORELEASING = YES;
				CLANG_WARN_BOOL_CONVERSION = YES;
				CLANG_WARN_COMMA = YES;
				CLANG_WARN_CONSTANT_CONVERSION = YES;
				CLANG_WARN_DEPRECATED_OBJC_IMPLEMENTATIONS = YES;
				CLANG_WARN_DIRECT_OBJC_ISA_USAGE = YES_ERROR;
				CLANG_WARN_DOCUMENTATION_COMMENTS = YES;
				CLANG_WARN_EMPTY_BODY = YES;
				CLANG_WARN_ENUM_CONVERSION = YES;
				CLANG_WARN_INFINITE_RECURSION = YES;
				CLANG_WARN_INT_CONVERSION = YES;
				CLANG_WARN_NON_LITERAL_NULL_CONVERSION = YES;
				CLANG_WARN_OBJC_IMPLICIT_RETAIN_SELF = YES;
				CLANG_WARN_OBJC_LITERAL_CONVERSION = YES;
				CLANG_WARN_OBJC_ROOT_CLASS = YES_ERROR;
				CLANG_WARN_QUOTED_INCLUDE_IN_FRAMEWORK_HEADER = YES;
				CLANG_WARN_RANGE_LOOP_ANALYSIS = YES;
				CLANG_WARN_STRICT_PROTOTYPES = YES;
				CLANG_WARN_SUSPICIOUS_MOVE = YES;
				CLANG_WARN_UNGUARDED_AVAILABILITY = YES_AGGRESSIVE;
				CLANG_WARN_UNREACHABLE_CODE = YES;
				CLANG_WARN__DUPLICATE_METHOD_MATCH = YES;
				COPY_PHASE_STRIP = NO;
				DEBUG_INFORMATION_FORMAT = dwarf;
				ENABLE_STRICT_OBJC_MSGSEND = YES;
				ENABLE_TESTABILITY = YES;
				GCC_C_LANGUAGE_STANDARD = gnu11;
				GCC_DYNAMIC_NO_PIC = NO;
				GCC_NO_COMMON_BLOCKS = YES;
				GCC_OPTIMIZATION_LEVEL = 0;
				GCC_PREPROCESSOR_DEFINITIONS = (
					"DEBUG=1",
					"$(inherited)",
				);
				GCC_WARN_64_TO_32_BIT_CONVERSION = YES;
				GCC_WARN_ABOUT_RETURN_TYPE = YES_ERROR;
				GCC_WARN_UNDECLARED_SELECTOR = YES;
				GCC_WARN_UNINITIALIZED_AUTOS = YES_AGGRESSIVE;
				GCC_WARN_UNUSED_FUNCTION = YES;
				GCC_WARN_UNUSED_VARIABLE = YES;
				IPHONEOS_DEPLOYMENT_TARGET = 16.4;
				MTL_ENABLE_DEBUG_INFO = INCLUDE_SOURCE;
				MTL_FAST_MATH = YES;
				ONLY_ACTIVE_ARCH = YES;
				SDKROOT = iphoneos;
				SWIFT_ACTIVE_COMPILATION_CONDITIONS = DEBUG;
				SWIFT_OPTIMIZATION_LEVEL = "-Onone";
			};
			name = Debug;
		};
		6641A15B2AA7B188007A4376 /* Release */ = {
			isa = XCBuildConfiguration;
			buildSettings = {
				ALWAYS_SEARCH_USER_PATHS = NO;
				CLANG_ANALYZER_NONNULL = YES;
				CLANG_ANALYZER_NUMBER_OBJECT_CONVERSION = YES_AGGRESSIVE;
				CLANG_CXX_LANGUAGE_STANDARD = "gnu++20";
				CLANG_ENABLE_MODULES = YES;
				CLANG_ENABLE_OBJC_ARC = YES;
				CLANG_ENABLE_OBJC_WEAK = YES;
				CLANG_WARN_BLOCK_CAPTURE_AUTORELEASING = YES;
				CLANG_WARN_BOOL_CONVERSION = YES;
				CLANG_WARN_COMMA = YES;
				CLANG_WARN_CONSTANT_CONVERSION = YES;
				CLANG_WARN_DEPRECATED_OBJC_IMPLEMENTATIONS = YES;
				CLANG_WARN_DIRECT_OBJC_ISA_USAGE = YES_ERROR;
				CLANG_WARN_DOCUMENTATION_COMMENTS = YES;
				CLANG_WARN_EMPTY_BODY = YES;
				CLANG_WARN_ENUM_CONVERSION = YES;
				CLANG_WARN_INFINITE_RECURSION = YES;
				CLANG_WARN_INT_CONVERSION = YES;
				CLANG_WARN_NON_LITERAL_NULL_CONVERSION = YES;
				CLANG_WARN_OBJC_IMPLICIT_RETAIN_SELF = YES;
				CLANG_WARN_OBJC_LITERAL_CONVERSION = YES;
				CLANG_WARN_OBJC_ROOT_CLASS = YES_ERROR;
				CLANG_WARN_QUOTED_INCLUDE_IN_FRAMEWORK_HEADER = YES;
				CLANG_WARN_RANGE_LOOP_ANALYSIS = YES;
				CLANG_WARN_STRICT_PROTOTYPES = YES;
				CLANG_WARN_SUSPICIOUS_MOVE = YES;
				CLANG_WARN_UNGUARDED_AVAILABILITY = YES_AGGRESSIVE;
				CLANG_WARN_UNREACHABLE_CODE = YES;
				CLANG_WARN__DUPLICATE_METHOD_MATCH = YES;
				COPY_PHASE_STRIP = NO;
				DEBUG_INFORMATION_FORMAT = "dwarf-with-dsym";
				ENABLE_NS_ASSERTIONS = NO;
				ENABLE_STRICT_OBJC_MSGSEND = YES;
				GCC_C_LANGUAGE_STANDARD = gnu11;
				GCC_NO_COMMON_BLOCKS = YES;
				GCC_WARN_64_TO_32_BIT_CONVERSION = YES;
				GCC_WARN_ABOUT_RETURN_TYPE = YES_ERROR;
				GCC_WARN_UNDECLARED_SELECTOR = YES;
				GCC_WARN_UNINITIALIZED_AUTOS = YES_AGGRESSIVE;
				GCC_WARN_UNUSED_FUNCTION = YES;
				GCC_WARN_UNUSED_VARIABLE = YES;
				IPHONEOS_DEPLOYMENT_TARGET = 16.4;
				MTL_ENABLE_DEBUG_INFO = NO;
				MTL_FAST_MATH = YES;
				SDKROOT = iphoneos;
				SWIFT_COMPILATION_MODE = wholemodule;
				SWIFT_OPTIMIZATION_LEVEL = "-O";
				VALIDATE_PRODUCT = YES;
			};
			name = Release;
		};
		6641A15D2AA7B188007A4376 /* Debug */ = {
			isa = XCBuildConfiguration;
			buildSettings = {
				ASSETCATALOG_COMPILER_APPICON_NAME = AppIcon;
				ASSETCATALOG_COMPILER_GLOBAL_ACCENT_COLOR_NAME = AccentColor;
				CODE_SIGN_STYLE = Automatic;
				CURRENT_PROJECT_VERSION = 1;
				DEVELOPMENT_ASSET_PATHS = "\"Gym4Fit/Others/Preview Content\"";
				DEVELOPMENT_TEAM = 7CRNJ953YN;
				ENABLE_PREVIEWS = YES;
				GENERATE_INFOPLIST_FILE = YES;
				INFOPLIST_KEY_UIApplicationSceneManifest_Generation = YES;
				INFOPLIST_KEY_UIApplicationSupportsIndirectInputEvents = YES;
				INFOPLIST_KEY_UILaunchScreen_Generation = YES;
				INFOPLIST_KEY_UISupportedInterfaceOrientations_iPad = "UIInterfaceOrientationPortrait UIInterfaceOrientationPortraitUpsideDown UIInterfaceOrientationLandscapeLeft UIInterfaceOrientationLandscapeRight";
				INFOPLIST_KEY_UISupportedInterfaceOrientations_iPhone = "UIInterfaceOrientationPortrait UIInterfaceOrientationLandscapeLeft UIInterfaceOrientationLandscapeRight";
				LD_RUNPATH_SEARCH_PATHS = (
					"$(inherited)",
					"@executable_path/Frameworks",
				);
				MARKETING_VERSION = 1.0;
				PRODUCT_BUNDLE_IDENTIFIER = com.omerkilicaslan.Gym4Fit;
				PRODUCT_NAME = "$(TARGET_NAME)";
				SWIFT_EMIT_LOC_STRINGS = YES;
				SWIFT_VERSION = 5.0;
				TARGETED_DEVICE_FAMILY = "1,2";
			};
			name = Debug;
		};
		6641A15E2AA7B188007A4376 /* Release */ = {
			isa = XCBuildConfiguration;
			buildSettings = {
				ASSETCATALOG_COMPILER_APPICON_NAME = AppIcon;
				ASSETCATALOG_COMPILER_GLOBAL_ACCENT_COLOR_NAME = AccentColor;
				CODE_SIGN_STYLE = Automatic;
				CURRENT_PROJECT_VERSION = 1;
				DEVELOPMENT_ASSET_PATHS = "\"Gym4Fit/Others/Preview Content\"";
				DEVELOPMENT_TEAM = 7CRNJ953YN;
				ENABLE_PREVIEWS = YES;
				GENERATE_INFOPLIST_FILE = YES;
				INFOPLIST_KEY_UIApplicationSceneManifest_Generation = YES;
				INFOPLIST_KEY_UIApplicationSupportsIndirectInputEvents = YES;
				INFOPLIST_KEY_UILaunchScreen_Generation = YES;
				INFOPLIST_KEY_UISupportedInterfaceOrientations_iPad = "UIInterfaceOrientationPortrait UIInterfaceOrientationPortraitUpsideDown UIInterfaceOrientationLandscapeLeft UIInterfaceOrientationLandscapeRight";
				INFOPLIST_KEY_UISupportedInterfaceOrientations_iPhone = "UIInterfaceOrientationPortrait UIInterfaceOrientationLandscapeLeft UIInterfaceOrientationLandscapeRight";
				LD_RUNPATH_SEARCH_PATHS = (
					"$(inherited)",
					"@executable_path/Frameworks",
				);
				MARKETING_VERSION = 1.0;
				PRODUCT_BUNDLE_IDENTIFIER = com.omerkilicaslan.Gym4Fit;
				PRODUCT_NAME = "$(TARGET_NAME)";
				SWIFT_EMIT_LOC_STRINGS = YES;
				SWIFT_VERSION = 5.0;
				TARGETED_DEVICE_FAMILY = "1,2";
			};
			name = Release;
		};
/* End XCBuildConfiguration section */

/* Begin XCConfigurationList section */
		6641A1492AA7B185007A4376 /* Build configuration list for PBXProject "Gym4Fit" */ = {
			isa = XCConfigurationList;
			buildConfigurations = (
				6641A15A2AA7B188007A4376 /* Debug */,
				6641A15B2AA7B188007A4376 /* Release */,
			);
			defaultConfigurationIsVisible = 0;
			defaultConfigurationName = Release;
		};
		6641A15C2AA7B188007A4376 /* Build configuration list for PBXNativeTarget "Gym4Fit" */ = {
			isa = XCConfigurationList;
			buildConfigurations = (
				6641A15D2AA7B188007A4376 /* Debug */,
				6641A15E2AA7B188007A4376 /* Release */,
			);
			defaultConfigurationIsVisible = 0;
			defaultConfigurationName = Release;
		};
/* End XCConfigurationList section */
	};
	rootObject = 6641A1462AA7B185007A4376 /* Project object */;
}
